
Microsoft Visual Studio Solution File, Format Version 12.00
# Visual Studio Version 16
VisualStudioVersion = 16.0.808.0
MinimumVisualStudioVersion = 10.0.40219.1
Project("{FAE04EC0-301F-11D3-BF4B-00C04F79EFBC}") = "SmartMedOpdracht", "SmartMedOpdracht\SmartMedOpdracht.csproj", "{27BD0356-F132-4D61-8338-0B7332DA23FE}"
EndProject
Project("{FAE04EC0-301F-11D3-BF4B-00C04F79EFBC}") = "SmartMedOpdracht.Tests", "SmartMedOpdracht.Tests\SmartMedOpdracht.Tests.csproj", "{4EF58512-AEDD-4B9E-B177-B5D2CC346AB1}"
EndProject
Global
	GlobalSection(SolutionConfigurationPlatforms) = preSolution
		Debug|Any CPU = Debug|Any CPU
		Release|Any CPU = Release|Any CPU
	EndGlobalSection
	GlobalSection(ProjectConfigurationPlatforms) = postSolution
		{27BD0356-F132-4D61-8338-0B7332DA23FE}.Debug|Any CPU.ActiveCfg = Debug|Any CPU
		{27BD0356-F132-4D61-8338-0B7332DA23FE}.Debug|Any CPU.Build.0 = Debug|Any CPU
		{27BD0356-F132-4D61-8338-0B7332DA23FE}.Release|Any CPU.ActiveCfg = Release|Any CPU
		{27BD0356-F132-4D61-8338-0B7332DA23FE}.Release|Any CPU.Build.0 = Release|Any CPU
		{4EF58512-AEDD-4B9E-B177-B5D2CC346AB1}.Debug|Any CPU.ActiveCfg = Debug|Any CPU
		{4EF58512-AEDD-4B9E-B177-B5D2CC346AB1}.Debug|Any CPU.Build.0 = Debug|Any CPU
		{4EF58512-AEDD-4B9E-B177-B5D2CC346AB1}.Release|Any CPU.ActiveCfg = Release|Any CPU
		{4EF58512-AEDD-4B9E-B177-B5D2CC346AB1}.Release|Any CPU.Build.0 = Release|Any CPU
	EndGlobalSection
	GlobalSection(SolutionProperties) = preSolution
		HideSolutionNode = FALSE
	EndGlobalSection
	GlobalSection(ExtensibilityGlobals) = postSolution
		SolutionGuid = {6EB9413B-0FDE-4B32-8AAB-82B80306E991}
	EndGlobalSection
EndGlobal
